
Microsoft Visual Studio Solution File, Format Version 12.00
# Visual Studio 15
VisualStudioVersion = 15.0.27703.2000
MinimumVisualStudioVersion = 10.0.40219.1
Project("{FAE04EC0-301F-11D3-BF4B-00C04F79EFBC}") = "CLINT", "CLINT\CLINT.csproj", "{226864C9-7C5A-4499-98E0-30C87258BDBF}"
EndProject
Global
	GlobalSection(SolutionConfigurationPlatforms) = preSolution
		Debug|Any CPU = Debug|Any CPU
		Release|Any CPU = Release|Any CPU
	EndGlobalSection
	GlobalSection(ProjectConfigurationPlatforms) = postSolution
		{226864C9-7C5A-4499-98E0-30C87258BDBF}.Debug|Any CPU.ActiveCfg = Debug|Any CPU
		{226864C9-7C5A-4499-98E0-30C87258BDBF}.Debug|Any CPU.Build.0 = Debug|Any CPU
		{226864C9-7C5A-4499-98E0-30C87258BDBF}.Release|Any CPU.ActiveCfg = Release|Any CPU
		{226864C9-7C5A-4499-98E0-30C87258BDBF}.Release|Any CPU.Build.0 = Release|Any CPU
	EndGlobalSection
	GlobalSection(SolutionProperties) = preSolution
		HideSolutionNode = FALSE
	EndGlobalSection
	GlobalSection(ExtensibilityGlobals) = postSolution
		SolutionGuid = {34213703-DFB9-4A80-8D89-F610FD13C6B9}
	EndGlobalSection
EndGlobal
