
Microsoft Visual Studio Solution File, Format Version 12.00
# Visual Studio 15
VisualStudioVersion = 15.0.27428.2043
MinimumVisualStudioVersion = 10.0.40219.1
Project("{FAE04EC0-301F-11D3-BF4B-00C04F79EFBC}") = "App1.Android", "App1\App1.Android\App1.Android.csproj", "{DD9FFAA3-81C3-4B67-BF93-CE9CF0EC9897}"
EndProject
Project("{FAE04EC0-301F-11D3-BF4B-00C04F79EFBC}") = "App1.iOS", "App1\App1.iOS\App1.iOS.csproj", "{74033AB1-EFAF-4F14-98C3-B0DE24FB44F1}"
EndProject
Project("{FAE04EC0-301F-11D3-BF4B-00C04F79EFBC}") = "App1.UWP", "App1\App1.UWP\App1.UWP.csproj", "{59098965-785C-4245-B4ED-51CD06877C0B}"
EndProject
Project("{D954291E-2A0B-460D-934E-DC6B0785DB48}") = "App1", "App1\App1\App1.shproj", "{585BF7B4-C167-4CA6-81F2-31D02BA23CAD}"
EndProject
Global
	GlobalSection(SharedMSBuildProjectFiles) = preSolution
		App1\App1\App1.projitems*{585bf7b4-c167-4ca6-81f2-31d02ba23cad}*SharedItemsImports = 13
		App1\App1\App1.projitems*{59098965-785c-4245-b4ed-51cd06877c0b}*SharedItemsImports = 4
		App1\App1\App1.projitems*{74033ab1-efaf-4f14-98c3-b0de24fb44f1}*SharedItemsImports = 4
		App1\App1\App1.projitems*{dd9ffaa3-81c3-4b67-bf93-ce9cf0ec9897}*SharedItemsImports = 4
	EndGlobalSection
	GlobalSection(SolutionConfigurationPlatforms) = preSolution
		Ad-Hoc|Any CPU = Ad-Hoc|Any CPU
		Ad-Hoc|ARM = Ad-Hoc|ARM
		Ad-Hoc|iPhone = Ad-Hoc|iPhone
		Ad-Hoc|iPhoneSimulator = Ad-Hoc|iPhoneSimulator
		Ad-Hoc|x64 = Ad-Hoc|x64
		Ad-Hoc|x86 = Ad-Hoc|x86
		AppStore|Any CPU = AppStore|Any CPU
		AppStore|ARM = AppStore|ARM
		AppStore|iPhone = AppStore|iPhone
		AppStore|iPhoneSimulator = AppStore|iPhoneSimulator
		AppStore|x64 = AppStore|x64
		AppStore|x86 = AppStore|x86
		Debug|Any CPU = Debug|Any CPU
		Debug|ARM = Debug|ARM
		Debug|iPhone = Debug|iPhone
		Debug|iPhoneSimulator = Debug|iPhoneSimulator
		Debug|x64 = Debug|x64
		Debug|x86 = Debug|x86
		Release|Any CPU = Release|Any CPU
		Release|ARM = Release|ARM
		Release|iPhone = Release|iPhone
		Release|iPhoneSimulator = Release|iPhoneSimulator
		Release|x64 = Release|x64
		Release|x86 = Release|x86
	EndGlobalSection
	GlobalSection(ProjectConfigurationPlatforms) = postSolution
		{DD9FFAA3-81C3-4B67-BF93-CE9CF0EC9897}.Ad-Hoc|Any CPU.ActiveCfg = Release|Any CPU
		{DD9FFAA3-81C3-4B67-BF93-CE9CF0EC9897}.Ad-Hoc|Any CPU.Build.0 = Release|Any CPU
		{DD9FFAA3-81C3-4B67-BF93-CE9CF0EC9897}.Ad-Hoc|Any CPU.Deploy.0 = Release|Any CPU
		{DD9FFAA3-81C3-4B67-BF93-CE9CF0EC9897}.Ad-Hoc|ARM.ActiveCfg = Release|Any CPU
		{DD9FFAA3-81C3-4B67-BF93-CE9CF0EC9897}.Ad-Hoc|ARM.Build.0 = Release|Any CPU
		{DD9FFAA3-81C3-4B67-BF93-CE9CF0EC9897}.Ad-Hoc|ARM.Deploy.0 = Release|Any CPU
		{DD9FFAA3-81C3-4B67-BF93-CE9CF0EC9897}.Ad-Hoc|iPhone.ActiveCfg = Release|Any CPU
		{DD9FFAA3-81C3-4B67-BF93-CE9CF0EC9897}.Ad-Hoc|iPhone.Build.0 = Release|Any CPU
		{DD9FFAA3-81C3-4B67-BF93-CE9CF0EC9897}.Ad-Hoc|iPhone.Deploy.0 = Release|Any CPU
		{DD9FFAA3-81C3-4B67-BF93-CE9CF0EC9897}.Ad-Hoc|iPhoneSimulator.ActiveCfg = Release|Any CPU
		{DD9FFAA3-81C3-4B67-BF93-CE9CF0EC9897}.Ad-Hoc|iPhoneSimulator.Build.0 = Release|Any CPU
		{DD9FFAA3-81C3-4B67-BF93-CE9CF0EC9897}.Ad-Hoc|iPhoneSimulator.Deploy.0 = Release|Any CPU
		{DD9FFAA3-81C3-4B67-BF93-CE9CF0EC9897}.Ad-Hoc|x64.ActiveCfg = Release|Any CPU
		{DD9FFAA3-81C3-4B67-BF93-CE9CF0EC9897}.Ad-Hoc|x64.Build.0 = Release|Any CPU
		{DD9FFAA3-81C3-4B67-BF93-CE9CF0EC9897}.Ad-Hoc|x64.Deploy.0 = Release|Any CPU
		{DD9FFAA3-81C3-4B67-BF93-CE9CF0EC9897}.Ad-Hoc|x86.ActiveCfg = Release|Any CPU
		{DD9FFAA3-81C3-4B67-BF93-CE9CF0EC9897}.Ad-Hoc|x86.Build.0 = Release|Any CPU
		{DD9FFAA3-81C3-4B67-BF93-CE9CF0EC9897}.Ad-Hoc|x86.Deploy.0 = Release|Any CPU
		{DD9FFAA3-81C3-4B67-BF93-CE9CF0EC9897}.AppStore|Any CPU.ActiveCfg = Release|Any CPU
		{DD9FFAA3-81C3-4B67-BF93-CE9CF0EC9897}.AppStore|Any CPU.Build.0 = Release|Any CPU
		{DD9FFAA3-81C3-4B67-BF93-CE9CF0EC9897}.AppStore|Any CPU.Deploy.0 = Release|Any CPU
		{DD9FFAA3-81C3-4B67-BF93-CE9CF0EC9897}.AppStore|ARM.ActiveCfg = Release|Any CPU
		{DD9FFAA3-81C3-4B67-BF93-CE9CF0EC9897}.AppStore|ARM.Build.0 = Release|Any CPU
		{DD9FFAA3-81C3-4B67-BF93-CE9CF0EC9897}.AppStore|ARM.Deploy.0 = Release|Any CPU
		{DD9FFAA3-81C3-4B67-BF93-CE9CF0EC9897}.AppStore|iPhone.ActiveCfg = Release|Any CPU
		{DD9FFAA3-81C3-4B67-BF93-CE9CF0EC9897}.AppStore|iPhone.Build.0 = Release|Any CPU
		{DD9FFAA3-81C3-4B67-BF93-CE9CF0EC9897}.AppStore|iPhone.Deploy.0 = Release|Any CPU
		{DD9FFAA3-81C3-4B67-BF93-CE9CF0EC9897}.AppStore|iPhoneSimulator.ActiveCfg = Release|Any CPU
		{DD9FFAA3-81C3-4B67-BF93-CE9CF0EC9897}.AppStore|iPhoneSimulator.Build.0 = Release|Any CPU
		{DD9FFAA3-81C3-4B67-BF93-CE9CF0EC9897}.AppStore|iPhoneSimulator.Deploy.0 = Release|Any CPU
		{DD9FFAA3-81C3-4B67-BF93-CE9CF0EC9897}.AppStore|x64.ActiveCfg = Release|Any CPU
		{DD9FFAA3-81C3-4B67-BF93-CE9CF0EC9897}.AppStore|x64.Build.0 = Release|Any CPU
		{DD9FFAA3-81C3-4B67-BF93-CE9CF0EC9897}.AppStore|x64.Deploy.0 = Release|Any CPU
		{DD9FFAA3-81C3-4B67-BF93-CE9CF0EC9897}.AppStore|x86.ActiveCfg = Release|Any CPU
		{DD9FFAA3-81C3-4B67-BF93-CE9CF0EC9897}.AppStore|x86.Build.0 = Release|Any CPU
		{DD9FFAA3-81C3-4B67-BF93-CE9CF0EC9897}.AppStore|x86.Deploy.0 = Release|Any CPU
		{DD9FFAA3-81C3-4B67-BF93-CE9CF0EC9897}.Debug|Any CPU.ActiveCfg = Debug|Any CPU
		{DD9FFAA3-81C3-4B67-BF93-CE9CF0EC9897}.Debug|Any CPU.Build.0 = Debug|Any CPU
		{DD9FFAA3-81C3-4B67-BF93-CE9CF0EC9897}.Debug|Any CPU.Deploy.0 = Debug|Any CPU
		{DD9FFAA3-81C3-4B67-BF93-CE9CF0EC9897}.Debug|ARM.ActiveCfg = Debug|Any CPU
		{DD9FFAA3-81C3-4B67-BF93-CE9CF0EC9897}.Debug|ARM.Build.0 = Debug|Any CPU
		{DD9FFAA3-81C3-4B67-BF93-CE9CF0EC9897}.Debug|ARM.Deploy.0 = Debug|Any CPU
		{DD9FFAA3-81C3-4B67-BF93-CE9CF0EC9897}.Debug|iPhone.ActiveCfg = Debug|Any CPU
		{DD9FFAA3-81C3-4B67-BF93-CE9CF0EC9897}.Debug|iPhone.Build.0 = Debug|Any CPU
		{DD9FFAA3-81C3-4B67-BF93-CE9CF0EC9897}.Debug|iPhone.Deploy.0 = Debug|Any CPU
		{DD9FFAA3-81C3-4B67-BF93-CE9CF0EC9897}.Debug|iPhoneSimulator.ActiveCfg = Debug|Any CPU
		{DD9FFAA3-81C3-4B67-BF93-CE9CF0EC9897}.Debug|iPhoneSimulator.Build.0 = Debug|Any CPU
		{DD9FFAA3-81C3-4B67-BF93-CE9CF0EC9897}.Debug|iPhoneSimulator.Deploy.0 = Debug|Any CPU
		{DD9FFAA3-81C3-4B67-BF93-CE9CF0EC9897}.Debug|x64.ActiveCfg = Debug|Any CPU
		{DD9FFAA3-81C3-4B67-BF93-CE9CF0EC9897}.Debug|x64.Build.0 = Debug|Any CPU
		{DD9FFAA3-81C3-4B67-BF93-CE9CF0EC9897}.Debug|x64.Deploy.0 = Debug|Any CPU
		{DD9FFAA3-81C3-4B67-BF93-CE9CF0EC9897}.Debug|x86.ActiveCfg = Debug|Any CPU
		{DD9FFAA3-81C3-4B67-BF93-CE9CF0EC9897}.Debug|x86.Build.0 = Debug|Any CPU
		{DD9FFAA3-81C3-4B67-BF93-CE9CF0EC9897}.Debug|x86.Deploy.0 = Debug|Any CPU
		{DD9FFAA3-81C3-4B67-BF93-CE9CF0EC9897}.Release|Any CPU.ActiveCfg = Release|Any CPU
		{DD9FFAA3-81C3-4B67-BF93-CE9CF0EC9897}.Release|Any CPU.Build.0 = Release|Any CPU
		{DD9FFAA3-81C3-4B67-BF93-CE9CF0EC9897}.Release|Any CPU.Deploy.0 = Release|Any CPU
		{DD9FFAA3-81C3-4B67-BF93-CE9CF0EC9897}.Release|ARM.ActiveCfg = Release|Any CPU
		{DD9FFAA3-81C3-4B67-BF93-CE9CF0EC9897}.Release|ARM.Build.0 = Release|Any CPU
		{DD9FFAA3-81C3-4B67-BF93-CE9CF0EC9897}.Release|ARM.Deploy.0 = Release|Any CPU
		{DD9FFAA3-81C3-4B67-BF93-CE9CF0EC9897}.Release|iPhone.ActiveCfg = Release|Any CPU
		{DD9FFAA3-81C3-4B67-BF93-CE9CF0EC9897}.Release|iPhone.Build.0 = Release|Any CPU
		{DD9FFAA3-81C3-4B67-BF93-CE9CF0EC9897}.Release|iPhone.Deploy.0 = Release|Any CPU
		{DD9FFAA3-81C3-4B67-BF93-CE9CF0EC9897}.Release|iPhoneSimulator.ActiveCfg = Release|Any CPU
		{DD9FFAA3-81C3-4B67-BF93-CE9CF0EC9897}.Release|iPhoneSimulator.Build.0 = Release|Any CPU
		{DD9FFAA3-81C3-4B67-BF93-CE9CF0EC9897}.Release|iPhoneSimulator.Deploy.0 = Release|Any CPU
		{DD9FFAA3-81C3-4B67-BF93-CE9CF0EC9897}.Release|x64.ActiveCfg = Release|Any CPU
		{DD9FFAA3-81C3-4B67-BF93-CE9CF0EC9897}.Release|x64.Build.0 = Release|Any CPU
		{DD9FFAA3-81C3-4B67-BF93-CE9CF0EC9897}.Release|x64.Deploy.0 = Release|Any CPU
		{DD9FFAA3-81C3-4B67-BF93-CE9CF0EC9897}.Release|x86.ActiveCfg = Release|Any CPU
		{DD9FFAA3-81C3-4B67-BF93-CE9CF0EC9897}.Release|x86.Build.0 = Release|Any CPU
		{DD9FFAA3-81C3-4B67-BF93-CE9CF0EC9897}.Release|x86.Deploy.0 = Release|Any CPU
		{74033AB1-EFAF-4F14-98C3-B0DE24FB44F1}.Ad-Hoc|Any CPU.ActiveCfg = Ad-Hoc|iPhone
		{74033AB1-EFAF-4F14-98C3-B0DE24FB44F1}.Ad-Hoc|ARM.ActiveCfg = Ad-Hoc|iPhone
		{74033AB1-EFAF-4F14-98C3-B0DE24FB44F1}.Ad-Hoc|iPhone.ActiveCfg = Ad-Hoc|iPhone
		{74033AB1-EFAF-4F14-98C3-B0DE24FB44F1}.Ad-Hoc|iPhone.Build.0 = Ad-Hoc|iPhone
		{74033AB1-EFAF-4F14-98C3-B0DE24FB44F1}.Ad-Hoc|iPhoneSimulator.ActiveCfg = Ad-Hoc|iPhoneSimulator
		{74033AB1-EFAF-4F14-98C3-B0DE24FB44F1}.Ad-Hoc|iPhoneSimulator.Build.0 = Ad-Hoc|iPhoneSimulator
		{74033AB1-EFAF-4F14-98C3-B0DE24FB44F1}.Ad-Hoc|x64.ActiveCfg = Ad-Hoc|iPhone
		{74033AB1-EFAF-4F14-98C3-B0DE24FB44F1}.Ad-Hoc|x86.ActiveCfg = Ad-Hoc|iPhone
		{74033AB1-EFAF-4F14-98C3-B0DE24FB44F1}.AppStore|Any CPU.ActiveCfg = AppStore|iPhone
		{74033AB1-EFAF-4F14-98C3-B0DE24FB44F1}.AppStore|ARM.ActiveCfg = AppStore|iPhone
		{74033AB1-EFAF-4F14-98C3-B0DE24FB44F1}.AppStore|iPhone.ActiveCfg = AppStore|iPhone
		{74033AB1-EFAF-4F14-98C3-B0DE24FB44F1}.AppStore|iPhone.Build.0 = AppStore|iPhone
		{74033AB1-EFAF-4F14-98C3-B0DE24FB44F1}.AppStore|iPhoneSimulator.ActiveCfg = AppStore|iPhoneSimulator
		{74033AB1-EFAF-4F14-98C3-B0DE24FB44F1}.AppStore|iPhoneSimulator.Build.0 = AppStore|iPhoneSimulator
		{74033AB1-EFAF-4F14-98C3-B0DE24FB44F1}.AppStore|x64.ActiveCfg = AppStore|iPhone
		{74033AB1-EFAF-4F14-98C3-B0DE24FB44F1}.AppStore|x86.ActiveCfg = AppStore|iPhone
		{74033AB1-EFAF-4F14-98C3-B0DE24FB44F1}.Debug|Any CPU.ActiveCfg = Debug|iPhone
		{74033AB1-EFAF-4F14-98C3-B0DE24FB44F1}.Debug|ARM.ActiveCfg = Debug|iPhone
		{74033AB1-EFAF-4F14-98C3-B0DE24FB44F1}.Debug|iPhone.ActiveCfg = Debug|iPhone
		{74033AB1-EFAF-4F14-98C3-B0DE24FB44F1}.Debug|iPhone.Build.0 = Debug|iPhone
		{74033AB1-EFAF-4F14-98C3-B0DE24FB44F1}.Debug|iPhoneSimulator.ActiveCfg = Debug|iPhoneSimulator
		{74033AB1-EFAF-4F14-98C3-B0DE24FB44F1}.Debug|iPhoneSimulator.Build.0 = Debug|iPhoneSimulator
		{74033AB1-EFAF-4F14-98C3-B0DE24FB44F1}.Debug|x64.ActiveCfg = Debug|iPhone
		{74033AB1-EFAF-4F14-98C3-B0DE24FB44F1}.Debug|x86.ActiveCfg = Debug|iPhone
		{74033AB1-EFAF-4F14-98C3-B0DE24FB44F1}.Release|Any CPU.ActiveCfg = Release|iPhone
		{74033AB1-EFAF-4F14-98C3-B0DE24FB44F1}.Release|ARM.ActiveCfg = Release|iPhone
		{74033AB1-EFAF-4F14-98C3-B0DE24FB44F1}.Release|iPhone.ActiveCfg = Release|iPhone
		{74033AB1-EFAF-4F14-98C3-B0DE24FB44F1}.Release|iPhone.Build.0 = Release|iPhone
		{74033AB1-EFAF-4F14-98C3-B0DE24FB44F1}.Release|iPhoneSimulator.ActiveCfg = Release|iPhoneSimulator
		{74033AB1-EFAF-4F14-98C3-B0DE24FB44F1}.Release|iPhoneSimulator.Build.0 = Release|iPhoneSimulator
		{74033AB1-EFAF-4F14-98C3-B0DE24FB44F1}.Release|x64.ActiveCfg = Release|iPhone
		{74033AB1-EFAF-4F14-98C3-B0DE24FB44F1}.Release|x86.ActiveCfg = Release|iPhone
		{59098965-785C-4245-B4ED-51CD06877C0B}.Ad-Hoc|Any CPU.ActiveCfg = Release|x86
		{59098965-785C-4245-B4ED-51CD06877C0B}.Ad-Hoc|Any CPU.Build.0 = Release|x86
		{59098965-785C-4245-B4ED-51CD06877C0B}.Ad-Hoc|Any CPU.Deploy.0 = Release|x86
		{59098965-785C-4245-B4ED-51CD06877C0B}.Ad-Hoc|ARM.ActiveCfg = Release|ARM
		{59098965-785C-4245-B4ED-51CD06877C0B}.Ad-Hoc|ARM.Build.0 = Release|ARM
		{59098965-785C-4245-B4ED-51CD06877C0B}.Ad-Hoc|ARM.Deploy.0 = Release|ARM
		{59098965-785C-4245-B4ED-51CD06877C0B}.Ad-Hoc|iPhone.ActiveCfg = Release|x86
		{59098965-785C-4245-B4ED-51CD06877C0B}.Ad-Hoc|iPhone.Build.0 = Release|x86
		{59098965-785C-4245-B4ED-51CD06877C0B}.Ad-Hoc|iPhone.Deploy.0 = Release|x86
		{59098965-785C-4245-B4ED-51CD06877C0B}.Ad-Hoc|iPhoneSimulator.ActiveCfg = Release|x86
		{59098965-785C-4245-B4ED-51CD06877C0B}.Ad-Hoc|iPhoneSimulator.Build.0 = Release|x86
		{59098965-785C-4245-B4ED-51CD06877C0B}.Ad-Hoc|iPhoneSimulator.Deploy.0 = Release|x86
		{59098965-785C-4245-B4ED-51CD06877C0B}.Ad-Hoc|x64.ActiveCfg = Release|x64
		{59098965-785C-4245-B4ED-51CD06877C0B}.Ad-Hoc|x64.Build.0 = Release|x64
		{59098965-785C-4245-B4ED-51CD06877C0B}.Ad-Hoc|x64.Deploy.0 = Release|x64
		{59098965-785C-4245-B4ED-51CD06877C0B}.Ad-Hoc|x86.ActiveCfg = Release|x86
		{59098965-785C-4245-B4ED-51CD06877C0B}.Ad-Hoc|x86.Build.0 = Release|x86
		{59098965-785C-4245-B4ED-51CD06877C0B}.Ad-Hoc|x86.Deploy.0 = Release|x86
		{59098965-785C-4245-B4ED-51CD06877C0B}.AppStore|Any CPU.ActiveCfg = Release|x86
		{59098965-785C-4245-B4ED-51CD06877C0B}.AppStore|Any CPU.Build.0 = Release|x86
		{59098965-785C-4245-B4ED-51CD06877C0B}.AppStore|Any CPU.Deploy.0 = Release|x86
		{59098965-785C-4245-B4ED-51CD06877C0B}.AppStore|ARM.ActiveCfg = Release|ARM
		{59098965-785C-4245-B4ED-51CD06877C0B}.AppStore|ARM.Build.0 = Release|ARM
		{59098965-785C-4245-B4ED-51CD06877C0B}.AppStore|ARM.Deploy.0 = Release|ARM
		{59098965-785C-4245-B4ED-51CD06877C0B}.AppStore|iPhone.ActiveCfg = Release|x86
		{59098965-785C-4245-B4ED-51CD06877C0B}.AppStore|iPhone.Build.0 = Release|x86
		{59098965-785C-4245-B4ED-51CD06877C0B}.AppStore|iPhone.Deploy.0 = Release|x86
		{59098965-785C-4245-B4ED-51CD06877C0B}.AppStore|iPhoneSimulator.ActiveCfg = Release|x86
		{59098965-785C-4245-B4ED-51CD06877C0B}.AppStore|iPhoneSimulator.Build.0 = Release|x86
		{59098965-785C-4245-B4ED-51CD06877C0B}.AppStore|iPhoneSimulator.Deploy.0 = Release|x86
		{59098965-785C-4245-B4ED-51CD06877C0B}.AppStore|x64.ActiveCfg = Release|x64
		{59098965-785C-4245-B4ED-51CD06877C0B}.AppStore|x64.Build.0 = Release|x64
		{59098965-785C-4245-B4ED-51CD06877C0B}.AppStore|x64.Deploy.0 = Release|x64
		{59098965-785C-4245-B4ED-51CD06877C0B}.AppStore|x86.ActiveCfg = Release|x86
		{59098965-785C-4245-B4ED-51CD06877C0B}.AppStore|x86.Build.0 = Release|x86
		{59098965-785C-4245-B4ED-51CD06877C0B}.AppStore|x86.Deploy.0 = Release|x86
		{59098965-785C-4245-B4ED-51CD06877C0B}.Debug|Any CPU.ActiveCfg = Debug|x86
		{59098965-785C-4245-B4ED-51CD06877C0B}.Debug|ARM.ActiveCfg = Debug|ARM
		{59098965-785C-4245-B4ED-51CD06877C0B}.Debug|ARM.Build.0 = Debug|ARM
		{59098965-785C-4245-B4ED-51CD06877C0B}.Debug|ARM.Deploy.0 = Debug|ARM
		{59098965-785C-4245-B4ED-51CD06877C0B}.Debug|iPhone.ActiveCfg = Debug|x86
		{59098965-785C-4245-B4ED-51CD06877C0B}.Debug|iPhoneSimulator.ActiveCfg = Debug|x86
		{59098965-785C-4245-B4ED-51CD06877C0B}.Debug|x64.ActiveCfg = Debug|x64
		{59098965-785C-4245-B4ED-51CD06877C0B}.Debug|x64.Build.0 = Debug|x64
		{59098965-785C-4245-B4ED-51CD06877C0B}.Debug|x64.Deploy.0 = Debug|x64
		{59098965-785C-4245-B4ED-51CD06877C0B}.Debug|x86.ActiveCfg = Debug|x86
		{59098965-785C-4245-B4ED-51CD06877C0B}.Debug|x86.Build.0 = Debug|x86
		{59098965-785C-4245-B4ED-51CD06877C0B}.Debug|x86.Deploy.0 = Debug|x86
		{59098965-785C-4245-B4ED-51CD06877C0B}.Release|Any CPU.ActiveCfg = Release|x86
		{59098965-785C-4245-B4ED-51CD06877C0B}.Release|ARM.ActiveCfg = Release|ARM
		{59098965-785C-4245-B4ED-51CD06877C0B}.Release|ARM.Build.0 = Release|ARM
		{59098965-785C-4245-B4ED-51CD06877C0B}.Release|ARM.Deploy.0 = Release|ARM
		{59098965-785C-4245-B4ED-51CD06877C0B}.Release|iPhone.ActiveCfg = Release|x86
		{59098965-785C-4245-B4ED-51CD06877C0B}.Release|iPhoneSimulator.ActiveCfg = Release|x86
		{59098965-785C-4245-B4ED-51CD06877C0B}.Release|x64.ActiveCfg = Release|x64
		{59098965-785C-4245-B4ED-51CD06877C0B}.Release|x64.Build.0 = Release|x64
		{59098965-785C-4245-B4ED-51CD06877C0B}.Release|x64.Deploy.0 = Release|x64
		{59098965-785C-4245-B4ED-51CD06877C0B}.Release|x86.ActiveCfg = Release|x86
		{59098965-785C-4245-B4ED-51CD06877C0B}.Release|x86.Build.0 = Release|x86
		{59098965-785C-4245-B4ED-51CD06877C0B}.Release|x86.Deploy.0 = Release|x86
	EndGlobalSection
	GlobalSection(SolutionProperties) = preSolution
		HideSolutionNode = FALSE
	EndGlobalSection
	GlobalSection(ExtensibilityGlobals) = postSolution
		SolutionGuid = {E62C15E3-2104-472F-9478-529AEB0CC2B0}
	EndGlobalSection
EndGlobal
