
Microsoft Visual Studio Solution File, Format Version 12.00
# Visual Studio 15
VisualStudioVersion = 15.0.27004.2008
MinimumVisualStudioVersion = 10.0.40219.1
Project("{FAE04EC0-301F-11D3-BF4B-00C04F79EFBC}") = "Hello", "Hello.csproj", "{4F1657A7-8403-42C0-997F-9A0F3365E303}"
EndProject
Global
	GlobalSection(SolutionConfigurationPlatforms) = preSolution
		Debug|Any CPU = Debug|Any CPU
		Release|Any CPU = Release|Any CPU
	EndGlobalSection
	GlobalSection(ProjectConfigurationPlatforms) = postSolution
		{4F1657A7-8403-42C0-997F-9A0F3365E303}.Debug|Any CPU.ActiveCfg = Debug|Any CPU
		{4F1657A7-8403-42C0-997F-9A0F3365E303}.Debug|Any CPU.Build.0 = Debug|Any CPU
		{4F1657A7-8403-42C0-997F-9A0F3365E303}.Release|Any CPU.ActiveCfg = Release|Any CPU
		{4F1657A7-8403-42C0-997F-9A0F3365E303}.Release|Any CPU.Build.0 = Release|Any CPU
	EndGlobalSection
	GlobalSection(SolutionProperties) = preSolution
		HideSolutionNode = FALSE
	EndGlobalSection
	GlobalSection(ExtensibilityGlobals) = postSolution
		SolutionGuid = {F93237EE-193F-44EC-A22D-EEE7BBD52156}
	EndGlobalSection
EndGlobal
