
Microsoft Visual Studio Solution File, Format Version 12.00
# Visual Studio 15
VisualStudioVersion = 15.0.27004.2005
MinimumVisualStudioVersion = 10.0.40219.1
Project("{FAE04EC0-301F-11D3-BF4B-00C04F79EFBC}") = "Drawing thing", "Drawing thing\Drawing thing.csproj", "{77C6A2F6-070C-4802-AD5E-82F12F128B58}"
EndProject
Global
	GlobalSection(SolutionConfigurationPlatforms) = preSolution
		Debug|Any CPU = Debug|Any CPU
		Release|Any CPU = Release|Any CPU
	EndGlobalSection
	GlobalSection(ProjectConfigurationPlatforms) = postSolution
		{77C6A2F6-070C-4802-AD5E-82F12F128B58}.Debug|Any CPU.ActiveCfg = Debug|Any CPU
		{77C6A2F6-070C-4802-AD5E-82F12F128B58}.Debug|Any CPU.Build.0 = Debug|Any CPU
		{77C6A2F6-070C-4802-AD5E-82F12F128B58}.Release|Any CPU.ActiveCfg = Release|Any CPU
		{77C6A2F6-070C-4802-AD5E-82F12F128B58}.Release|Any CPU.Build.0 = Release|Any CPU
	EndGlobalSection
	GlobalSection(SolutionProperties) = preSolution
		HideSolutionNode = FALSE
	EndGlobalSection
	GlobalSection(ExtensibilityGlobals) = postSolution
		SolutionGuid = {AD9310F0-52C6-4161-898E-9ABABEDFE16B}
	EndGlobalSection
EndGlobal
